
Microsoft Visual Studio Solution File, Format Version 12.00
# Visual Studio Version 17
VisualStudioVersion = 17.0.31903.59
MinimumVisualStudioVersion = 10.0.40219.1
Project("{9A19103F-16F7-4668-BE54-9A1E7A4F7556}") = "PostsManagement", "PostsManagement\PostsManagement.csproj", "{2350E0F4-A850-4C94-975D-1FA02167DA76}"
EndProject
Project("{9A19103F-16F7-4668-BE54-9A1E7A4F7556}") = "CommentsManagement", "CommentsManagement\CommentsManagement.csproj", "{60ED2EA7-8F73-4D0B-943E-45C6AA74FB04}"
EndProject
Project("{9A19103F-16F7-4668-BE54-9A1E7A4F7556}") = "UserManagement", "UserManagement\UserManagement.csproj", "{A1B65822-40CC-4BCD-B69A-ED6BC3F47ECF}"
EndProject
Project("{9A19103F-16F7-4668-BE54-9A1E7A4F7556}") = "SearchManagement", "SearchManagement\SearchManagement.csproj", "{FFD587BB-9EBB-4F10-B226-B927E7D39AFE}"
EndProject
Global
	GlobalSection(SolutionConfigurationPlatforms) = preSolution
		Debug|Any CPU = Debug|Any CPU
		Release|Any CPU = Release|Any CPU
	EndGlobalSection
	GlobalSection(ProjectConfigurationPlatforms) = postSolution
		{2350E0F4-A850-4C94-975D-1FA02167DA76}.Debug|Any CPU.ActiveCfg = Debug|Any CPU
		{2350E0F4-A850-4C94-975D-1FA02167DA76}.Debug|Any CPU.Build.0 = Debug|Any CPU
		{2350E0F4-A850-4C94-975D-1FA02167DA76}.Release|Any CPU.ActiveCfg = Release|Any CPU
		{2350E0F4-A850-4C94-975D-1FA02167DA76}.Release|Any CPU.Build.0 = Release|Any CPU
		{60ED2EA7-8F73-4D0B-943E-45C6AA74FB04}.Debug|Any CPU.ActiveCfg = Debug|Any CPU
		{60ED2EA7-8F73-4D0B-943E-45C6AA74FB04}.Debug|Any CPU.Build.0 = Debug|Any CPU
		{60ED2EA7-8F73-4D0B-943E-45C6AA74FB04}.Release|Any CPU.ActiveCfg = Release|Any CPU
		{60ED2EA7-8F73-4D0B-943E-45C6AA74FB04}.Release|Any CPU.Build.0 = Release|Any CPU
		{A1B65822-40CC-4BCD-B69A-ED6BC3F47ECF}.Debug|Any CPU.ActiveCfg = Debug|Any CPU
		{A1B65822-40CC-4BCD-B69A-ED6BC3F47ECF}.Debug|Any CPU.Build.0 = Debug|Any CPU
		{A1B65822-40CC-4BCD-B69A-ED6BC3F47ECF}.Release|Any CPU.ActiveCfg = Release|Any CPU
		{A1B65822-40CC-4BCD-B69A-ED6BC3F47ECF}.Release|Any CPU.Build.0 = Release|Any CPU
		{FFD587BB-9EBB-4F10-B226-B927E7D39AFE}.Debug|Any CPU.ActiveCfg = Debug|Any CPU
		{FFD587BB-9EBB-4F10-B226-B927E7D39AFE}.Debug|Any CPU.Build.0 = Debug|Any CPU
		{FFD587BB-9EBB-4F10-B226-B927E7D39AFE}.Release|Any CPU.ActiveCfg = Release|Any CPU
		{FFD587BB-9EBB-4F10-B226-B927E7D39AFE}.Release|Any CPU.Build.0 = Release|Any CPU
	EndGlobalSection
	GlobalSection(SolutionProperties) = preSolution
		HideSolutionNode = FALSE
	EndGlobalSection
	GlobalSection(ExtensibilityGlobals) = postSolution
		SolutionGuid = {72409C6F-15E9-41C2-AE6B-077E27185B64}
	EndGlobalSection
EndGlobal
